
Microsoft Visual Studio Solution File, Format Version 12.00
# Visual Studio 15
VisualStudioVersion = 15.0.26124.0
MinimumVisualStudioVersion = 15.0.26124.0
Project("{2150E333-8FDC-42A3-9474-1A3956D46DE8}") = "src", "src", "{82BF99EE-0DBE-4F56-B2DA-ACA2CE635DA7}"
EndProject
Project("{FAE04EC0-301F-11D3-BF4B-00C04F79EFBC}") = "GradeBook", "src\GradeBook\GradeBook.csproj", "{27530C29-8B00-4F53-B63A-8A9E7698FAC0}"
EndProject
Project("{2150E333-8FDC-42A3-9474-1A3956D46DE8}") = "test", "test", "{FF61F17F-A6E7-45B8-8E51-239CA7D527DA}"
EndProject
Project("{FAE04EC0-301F-11D3-BF4B-00C04F79EFBC}") = "GradeBook.Tests", "test\GradeBook.Tests\GradeBook.Tests.csproj", "{1D9490BC-AE5F-4F0F-8D8A-B755F4801937}"
EndProject
Global
	GlobalSection(SolutionConfigurationPlatforms) = preSolution
		Debug|Any CPU = Debug|Any CPU
		Debug|x64 = Debug|x64
		Debug|x86 = Debug|x86
		Release|Any CPU = Release|Any CPU
		Release|x64 = Release|x64
		Release|x86 = Release|x86
	EndGlobalSection
	GlobalSection(SolutionProperties) = preSolution
		HideSolutionNode = FALSE
	EndGlobalSection
	GlobalSection(ProjectConfigurationPlatforms) = postSolution
		{27530C29-8B00-4F53-B63A-8A9E7698FAC0}.Debug|Any CPU.ActiveCfg = Debug|Any CPU
		{27530C29-8B00-4F53-B63A-8A9E7698FAC0}.Debug|Any CPU.Build.0 = Debug|Any CPU
		{27530C29-8B00-4F53-B63A-8A9E7698FAC0}.Debug|x64.ActiveCfg = Debug|Any CPU
		{27530C29-8B00-4F53-B63A-8A9E7698FAC0}.Debug|x64.Build.0 = Debug|Any CPU
		{27530C29-8B00-4F53-B63A-8A9E7698FAC0}.Debug|x86.ActiveCfg = Debug|Any CPU
		{27530C29-8B00-4F53-B63A-8A9E7698FAC0}.Debug|x86.Build.0 = Debug|Any CPU
		{27530C29-8B00-4F53-B63A-8A9E7698FAC0}.Release|Any CPU.ActiveCfg = Release|Any CPU
		{27530C29-8B00-4F53-B63A-8A9E7698FAC0}.Release|Any CPU.Build.0 = Release|Any CPU
		{27530C29-8B00-4F53-B63A-8A9E7698FAC0}.Release|x64.ActiveCfg = Release|Any CPU
		{27530C29-8B00-4F53-B63A-8A9E7698FAC0}.Release|x64.Build.0 = Release|Any CPU
		{27530C29-8B00-4F53-B63A-8A9E7698FAC0}.Release|x86.ActiveCfg = Release|Any CPU
		{27530C29-8B00-4F53-B63A-8A9E7698FAC0}.Release|x86.Build.0 = Release|Any CPU
		{1D9490BC-AE5F-4F0F-8D8A-B755F4801937}.Debug|Any CPU.ActiveCfg = Debug|Any CPU
		{1D9490BC-AE5F-4F0F-8D8A-B755F4801937}.Debug|Any CPU.Build.0 = Debug|Any CPU
		{1D9490BC-AE5F-4F0F-8D8A-B755F4801937}.Debug|x64.ActiveCfg = Debug|Any CPU
		{1D9490BC-AE5F-4F0F-8D8A-B755F4801937}.Debug|x64.Build.0 = Debug|Any CPU
		{1D9490BC-AE5F-4F0F-8D8A-B755F4801937}.Debug|x86.ActiveCfg = Debug|Any CPU
		{1D9490BC-AE5F-4F0F-8D8A-B755F4801937}.Debug|x86.Build.0 = Debug|Any CPU
		{1D9490BC-AE5F-4F0F-8D8A-B755F4801937}.Release|Any CPU.ActiveCfg = Release|Any CPU
		{1D9490BC-AE5F-4F0F-8D8A-B755F4801937}.Release|Any CPU.Build.0 = Release|Any CPU
		{1D9490BC-AE5F-4F0F-8D8A-B755F4801937}.Release|x64.ActiveCfg = Release|Any CPU
		{1D9490BC-AE5F-4F0F-8D8A-B755F4801937}.Release|x64.Build.0 = Release|Any CPU
		{1D9490BC-AE5F-4F0F-8D8A-B755F4801937}.Release|x86.ActiveCfg = Release|Any CPU
		{1D9490BC-AE5F-4F0F-8D8A-B755F4801937}.Release|x86.Build.0 = Release|Any CPU
	EndGlobalSection
	GlobalSection(NestedProjects) = preSolution
		{27530C29-8B00-4F53-B63A-8A9E7698FAC0} = {82BF99EE-0DBE-4F56-B2DA-ACA2CE635DA7}
		{1D9490BC-AE5F-4F0F-8D8A-B755F4801937} = {FF61F17F-A6E7-45B8-8E51-239CA7D527DA}
	EndGlobalSection
EndGlobal
